// !$*UTF8*$!
{
	archiveVersion = 1;
	classes = {
	};
	objectVersion = 77;
	objects = {

/* Begin PBXBuildFile section */
		006FA931347C2A0123266694 /* ExplorerPanel.swift in Sources */ = {isa = PBXBuildFile; fileRef = E94306A430889FF596ABE4F0 /* ExplorerPanel.swift */; };
		0C1BB40C09A03F90B8BE575B /* HandCursorOverlay.swift in Sources */ = {isa = PBXBuildFile; fileRef = CF7A5190CBD9E8F4C1DF06DA /* HandCursorOverlay.swift */; };
		0D96956D05AA105AF58B4A32 /* SlackExplorerView.swift in Sources */ = {isa = PBXBuildFile; fileRef = 69EC67D5419EA18C5CDFD984 /* SlackExplorerView.swift */; };
		1A834DA447A414DA0D955400 /* HandTrackingManager.swift in Sources */ = {isa = PBXBuildFile; fileRef = 628C484F5E54449DB6714CC0 /* HandTrackingManager.swift */; };
		1CB733DDA08043559653192D /* TerminalManager.swift in Sources */ = {isa = PBXBuildFile; fileRef = F809E41E7C72810A86C8E839 /* TerminalManager.swift */; };
		335904CF61CFCBDA3D9E190D /* CalendarView.swift in Sources */ = {isa = PBXBuildFile; fileRef = DBDCBF0852325EC45EE02ADC /* CalendarView.swift */; };
		34B7F571A5468DECB4F17070 /* SBButton.swift in Sources */ = {isa = PBXBuildFile; fileRef = A7BD3D89EA799D8E97B3F17E /* SBButton.swift */; };
		3D74BA6DD3D10DD373AB01C2 /* CalendarExplorerView.swift in Sources */ = {isa = PBXBuildFile; fileRef = 30E762F749940D4DFEAA4632 /* CalendarExplorerView.swift */; };
		3E26E8E01FA80FC9E0286622 /* SBCard.swift in Sources */ = {isa = PBXBuildFile; fileRef = 0B008FF4BB5CA0E747C2F246 /* SBCard.swift */; };
		404E0FC3D02E72C1F9A5CD6F /* DatabaseStore.swift in Sources */ = {isa = PBXBuildFile; fileRef = 502F625EF94764920370B930 /* DatabaseStore.swift */; };
		489A214E713C206E5EC747EF /* Assets.xcassets in Resources */ = {isa = PBXBuildFile; fileRef = E77E57428659F1D47314B230 /* Assets.xcassets */; };
		522E184854B3A41937916B16 /* Sparkle in Frameworks */ = {isa = PBXBuildFile; productRef = 1F7289016E3F4EC647338E91 /* Sparkle */; };
		605606D1C5DF6CCADB64A053 /* SlackModels.swift in Sources */ = {isa = PBXBuildFile; fileRef = 9482AEC43C623300660A97C8 /* SlackModels.swift */; };
		64D8376FE675090D55A3A427 /* DesignTokens.swift in Sources */ = {isa = PBXBuildFile; fileRef = 43719472F5EB78307E0A0F9C /* DesignTokens.swift */; };
		70F356D824E2B23D93108147 /* SidebarIconBar.swift in Sources */ = {isa = PBXBuildFile; fileRef = 653236734E0D03FB336685E5 /* SidebarIconBar.swift */; };
		79B9B35751BB0A23419CADE9 /* CalendarStore.swift in Sources */ = {isa = PBXBuildFile; fileRef = CCF1EC1647C63785F60A824F /* CalendarStore.swift */; };
		7B6A5A92D196C82E4CA1BC36 /* FolderScanner.swift in Sources */ = {isa = PBXBuildFile; fileRef = 714A8F991F10DB023F90B523 /* FolderScanner.swift */; };
		80C783A564C93AACB0965EAC /* SlackStore.swift in Sources */ = {isa = PBXBuildFile; fileRef = 0CDA82671719F944056E84CE /* SlackStore.swift */; };
		82F1FF5E887C7DE2EE0CD0BF /* ContentView.swift in Sources */ = {isa = PBXBuildFile; fileRef = D5D342196863002E996A7027 /* ContentView.swift */; };
		858D2381E38B796A44F304D8 /* NoteListView.swift in Sources */ = {isa = PBXBuildFile; fileRef = D74140C2CF4145F55F886B78 /* NoteListView.swift */; };
		8BDB6EC126827AC5834CAA22 /* Note.swift in Sources */ = {isa = PBXBuildFile; fileRef = EE10BC28BD73F99874A555AC /* Note.swift */; };
		992F529D346BA272AC23C79A /* LocalGraphBuilder.swift in Sources */ = {isa = PBXBuildFile; fileRef = 09F625507856F470275E96B7 /* LocalGraphBuilder.swift */; };
		9D907150551731990650F10C /* NoteStore.swift in Sources */ = {isa = PBXBuildFile; fileRef = D55BB51AB7A5EF3268E4AA1A /* NoteStore.swift */; };
		A77C7594B0966FA43A5C197C /* APIClient.swift in Sources */ = {isa = PBXBuildFile; fileRef = 1063843C8FF0AAD02172AB79 /* APIClient.swift */; };
		A91575DF5C46D8F8ACDF1DFE /* CalendarModels.swift in Sources */ = {isa = PBXBuildFile; fileRef = 6C61EE8DD3408FFBC99053B2 /* CalendarModels.swift */; };
		AD774350C6B035DD11AE0BED /* NoteDetailView.swift in Sources */ = {isa = PBXBuildFile; fileRef = DB7D097F10003525C94A8B00 /* NoteDetailView.swift */; };
		B1B88A2F48F02573785166D3 /* SwiftTerm in Frameworks */ = {isa = PBXBuildFile; productRef = 01B4E7973C454AE1A6921772 /* SwiftTerm */; };
		BCE9BA0330D23F9DC3CF71B6 /* TerminalView.swift in Sources */ = {isa = PBXBuildFile; fileRef = F3022F0EFCCB4F9A7631BAF2 /* TerminalView.swift */; };
		C2BE7B1C1E3FD63B16F65FF9 /* SettingsView.swift in Sources */ = {isa = PBXBuildFile; fileRef = B117FB2D45C49F54240EFFDC /* SettingsView.swift */; };
		C5A36108B530C22DF33C804B /* BackendManager.swift in Sources */ = {isa = PBXBuildFile; fileRef = CD86A6C2210D6E3A3ED1E4AB /* BackendManager.swift */; };
		D054FA0DC40BE7442F907EE3 /* SBrainApp.swift in Sources */ = {isa = PBXBuildFile; fileRef = D7544CAB23D252B03FB65F9C /* SBrainApp.swift */; };
		D35AC4B925EA79A532E28A93 /* SearchBar.swift in Sources */ = {isa = PBXBuildFile; fileRef = 3F737901CA8A7C63C9E7127A /* SearchBar.swift */; };
		E23F9200A4257323F03BE9C0 /* BrainMapView.swift in Sources */ = {isa = PBXBuildFile; fileRef = CEE9E28089788162289A190F /* BrainMapView.swift */; };
		E3784E6ACFF746D679FA858D /* SlackAgentView.swift in Sources */ = {isa = PBXBuildFile; fileRef = 99ECA63AFA277F0632CE248B /* SlackAgentView.swift */; };
		E3CC5871219127F795FBA799 /* DatabaseBrowserView.swift in Sources */ = {isa = PBXBuildFile; fileRef = 9422C4C4FCD2E21859C17D55 /* DatabaseBrowserView.swift */; };
/* End PBXBuildFile section */

/* Begin PBXFileReference section */
		09F625507856F470275E96B7 /* LocalGraphBuilder.swift */ = {isa = PBXFileReference; lastKnownFileType = sourcecode.swift; path = LocalGraphBuilder.swift; sourceTree = "<group>"; };
		0B008FF4BB5CA0E747C2F246 /* SBCard.swift */ = {isa = PBXFileReference; lastKnownFileType = sourcecode.swift; path = SBCard.swift; sourceTree = "<group>"; };
		0CDA82671719F944056E84CE /* SlackStore.swift */ = {isa = PBXFileReference; lastKnownFileType = sourcecode.swift; path = SlackStore.swift; sourceTree = "<group>"; };
		1063843C8FF0AAD02172AB79 /* APIClient.swift */ = {isa = PBXFileReference; lastKnownFileType = sourcecode.swift; path = APIClient.swift; sourceTree = "<group>"; };
		30E762F749940D4DFEAA4632 /* CalendarExplorerView.swift */ = {isa = PBXFileReference; lastKnownFileType = sourcecode.swift; path = CalendarExplorerView.swift; sourceTree = "<group>"; };
		3F737901CA8A7C63C9E7127A /* SearchBar.swift */ = {isa = PBXFileReference; lastKnownFileType = sourcecode.swift; path = SearchBar.swift; sourceTree = "<group>"; };
		43719472F5EB78307E0A0F9C /* DesignTokens.swift */ = {isa = PBXFileReference; lastKnownFileType = sourcecode.swift; path = DesignTokens.swift; sourceTree = "<group>"; };
		4FB31782F75AB3095D6EDFBA /* Info.plist */ = {isa = PBXFileReference; lastKnownFileType = text.plist; path = Info.plist; sourceTree = "<group>"; };
		502F625EF94764920370B930 /* DatabaseStore.swift */ = {isa = PBXFileReference; lastKnownFileType = sourcecode.swift; path = DatabaseStore.swift; sourceTree = "<group>"; };
		628C484F5E54449DB6714CC0 /* HandTrackingManager.swift */ = {isa = PBXFileReference; lastKnownFileType = sourcecode.swift; path = HandTrackingManager.swift; sourceTree = "<group>"; };
		653236734E0D03FB336685E5 /* SidebarIconBar.swift */ = {isa = PBXFileReference; lastKnownFileType = sourcecode.swift; path = SidebarIconBar.swift; sourceTree = "<group>"; };
		69EC67D5419EA18C5CDFD984 /* SlackExplorerView.swift */ = {isa = PBXFileReference; lastKnownFileType = sourcecode.swift; path = SlackExplorerView.swift; sourceTree = "<group>"; };
		6C61EE8DD3408FFBC99053B2 /* CalendarModels.swift */ = {isa = PBXFileReference; lastKnownFileType = sourcecode.swift; path = CalendarModels.swift; sourceTree = "<group>"; };
		714A8F991F10DB023F90B523 /* FolderScanner.swift */ = {isa = PBXFileReference; lastKnownFileType = sourcecode.swift; path = FolderScanner.swift; sourceTree = "<group>"; };
		8E21D81A3BB7AB638BA4B919 /* SBrain.app */ = {isa = PBXFileReference; explicitFileType = wrapper.application; includeInIndex = 0; path = SBrain.app; sourceTree = BUILT_PRODUCTS_DIR; };
		9422C4C4FCD2E21859C17D55 /* DatabaseBrowserView.swift */ = {isa = PBXFileReference; lastKnownFileType = sourcecode.swift; path = DatabaseBrowserView.swift; sourceTree = "<group>"; };
		9482AEC43C623300660A97C8 /* SlackModels.swift */ = {isa = PBXFileReference; lastKnownFileType = sourcecode.swift; path = SlackModels.swift; sourceTree = "<group>"; };
		99ECA63AFA277F0632CE248B /* SlackAgentView.swift */ = {isa = PBXFileReference; lastKnownFileType = sourcecode.swift; path = SlackAgentView.swift; sourceTree = "<group>"; };
		A7BD3D89EA799D8E97B3F17E /* SBButton.swift */ = {isa = PBXFileReference; lastKnownFileType = sourcecode.swift; path = SBButton.swift; sourceTree = "<group>"; };
		B117FB2D45C49F54240EFFDC /* SettingsView.swift */ = {isa = PBXFileReference; lastKnownFileType = sourcecode.swift; path = SettingsView.swift; sourceTree = "<group>"; };
		CCF1EC1647C63785F60A824F /* CalendarStore.swift */ = {isa = PBXFileReference; lastKnownFileType = sourcecode.swift; path = CalendarStore.swift; sourceTree = "<group>"; };
		CD86A6C2210D6E3A3ED1E4AB /* BackendManager.swift */ = {isa = PBXFileReference; lastKnownFileType = sourcecode.swift; path = BackendManager.swift; sourceTree = "<group>"; };
		CEE9E28089788162289A190F /* BrainMapView.swift */ = {isa = PBXFileReference; lastKnownFileType = sourcecode.swift; path = BrainMapView.swift; sourceTree = "<group>"; };
		CF7A5190CBD9E8F4C1DF06DA /* HandCursorOverlay.swift */ = {isa = PBXFileReference; lastKnownFileType = sourcecode.swift; path = HandCursorOverlay.swift; sourceTree = "<group>"; };
		D55BB51AB7A5EF3268E4AA1A /* NoteStore.swift */ = {isa = PBXFileReference; lastKnownFileType = sourcecode.swift; path = NoteStore.swift; sourceTree = "<group>"; };
		D5D342196863002E996A7027 /* ContentView.swift */ = {isa = PBXFileReference; lastKnownFileType = sourcecode.swift; path = ContentView.swift; sourceTree = "<group>"; };
		D74140C2CF4145F55F886B78 /* NoteListView.swift */ = {isa = PBXFileReference; lastKnownFileType = sourcecode.swift; path = NoteListView.swift; sourceTree = "<group>"; };
		D7544CAB23D252B03FB65F9C /* SBrainApp.swift */ = {isa = PBXFileReference; lastKnownFileType = sourcecode.swift; path = SBrainApp.swift; sourceTree = "<group>"; };
		DB7D097F10003525C94A8B00 /* NoteDetailView.swift */ = {isa = PBXFileReference; lastKnownFileType = sourcecode.swift; path = NoteDetailView.swift; sourceTree = "<group>"; };
		DBCC751B2DE2EF17D2DA5F5F /* SBrain.entitlements */ = {isa = PBXFileReference; lastKnownFileType = text.plist.entitlements; path = SBrain.entitlements; sourceTree = "<group>"; };
		DBDCBF0852325EC45EE02ADC /* CalendarView.swift */ = {isa = PBXFileReference; lastKnownFileType = sourcecode.swift; path = CalendarView.swift; sourceTree = "<group>"; };
		E77E57428659F1D47314B230 /* Assets.xcassets */ = {isa = PBXFileReference; lastKnownFileType = folder.assetcatalog; path = Assets.xcassets; sourceTree = "<group>"; };
		E94306A430889FF596ABE4F0 /* ExplorerPanel.swift */ = {isa = PBXFileReference; lastKnownFileType = sourcecode.swift; path = ExplorerPanel.swift; sourceTree = "<group>"; };
		EE10BC28BD73F99874A555AC /* Note.swift */ = {isa = PBXFileReference; lastKnownFileType = sourcecode.swift; path = Note.swift; sourceTree = "<group>"; };
		F3022F0EFCCB4F9A7631BAF2 /* TerminalView.swift */ = {isa = PBXFileReference; lastKnownFileType = sourcecode.swift; path = TerminalView.swift; sourceTree = "<group>"; };
		F809E41E7C72810A86C8E839 /* TerminalManager.swift */ = {isa = PBXFileReference; lastKnownFileType = sourcecode.swift; path = TerminalManager.swift; sourceTree = "<group>"; };
/* End PBXFileReference section */

/* Begin PBXFrameworksBuildPhase section */
		D7465CB40CBDD100D0BE6D6B /* Frameworks */ = {
			isa = PBXFrameworksBuildPhase;
			buildActionMask = 2147483647;
			files = (
				B1B88A2F48F02573785166D3 /* SwiftTerm in Frameworks */,
				522E184854B3A41937916B16 /* Sparkle in Frameworks */,
			);
			runOnlyForDeploymentPostprocessing = 0;
		};
/* End PBXFrameworksBuildPhase section */

/* Begin PBXGroup section */
		42AEAF06CEAF5F5F19710B6F /* SBrain */ = {
			isa = PBXGroup;
			children = (
				E77E57428659F1D47314B230 /* Assets.xcassets */,
				4FB31782F75AB3095D6EDFBA /* Info.plist */,
				DBCC751B2DE2EF17D2DA5F5F /* SBrain.entitlements */,
				D7544CAB23D252B03FB65F9C /* SBrainApp.swift */,
				DD228148A12D44D68006FF12 /* Models */,
				B1B1F9E1BD7669F707BDB5B6 /* Services */,
				5F9A97D31471F479CB41B687 /* Theme */,
				FFCE813DE05299C6F832334C /* Views */,
			);
			path = SBrain;
			sourceTree = "<group>";
		};
		49E972B848AF4DC605572B68 /* Sidebar */ = {
			isa = PBXGroup;
			children = (
				30E762F749940D4DFEAA4632 /* CalendarExplorerView.swift */,
				E94306A430889FF596ABE4F0 /* ExplorerPanel.swift */,
				653236734E0D03FB336685E5 /* SidebarIconBar.swift */,
				69EC67D5419EA18C5CDFD984 /* SlackExplorerView.swift */,
			);
			path = Sidebar;
			sourceTree = "<group>";
		};
		5F9A97D31471F479CB41B687 /* Theme */ = {
			isa = PBXGroup;
			children = (
				43719472F5EB78307E0A0F9C /* DesignTokens.swift */,
				EA34F2192137D5B75195EAC6 /* Components */,
			);
			path = Theme;
			sourceTree = "<group>";
		};
		89B9CBF6DB70D8B8167118EF = {
			isa = PBXGroup;
			children = (
				42AEAF06CEAF5F5F19710B6F /* SBrain */,
				93F7D0CA0B10B36E23B89BF3 /* Products */,
			);
			sourceTree = "<group>";
		};
		93F7D0CA0B10B36E23B89BF3 /* Products */ = {
			isa = PBXGroup;
			children = (
				8E21D81A3BB7AB638BA4B919 /* SBrain.app */,
			);
			name = Products;
			sourceTree = "<group>";
		};
		B1B1F9E1BD7669F707BDB5B6 /* Services */ = {
			isa = PBXGroup;
			children = (
				1063843C8FF0AAD02172AB79 /* APIClient.swift */,
				CD86A6C2210D6E3A3ED1E4AB /* BackendManager.swift */,
				CCF1EC1647C63785F60A824F /* CalendarStore.swift */,
				502F625EF94764920370B930 /* DatabaseStore.swift */,
				714A8F991F10DB023F90B523 /* FolderScanner.swift */,
				628C484F5E54449DB6714CC0 /* HandTrackingManager.swift */,
				09F625507856F470275E96B7 /* LocalGraphBuilder.swift */,
				D55BB51AB7A5EF3268E4AA1A /* NoteStore.swift */,
				0CDA82671719F944056E84CE /* SlackStore.swift */,
				F809E41E7C72810A86C8E839 /* TerminalManager.swift */,
			);
			path = Services;
			sourceTree = "<group>";
		};
		DD228148A12D44D68006FF12 /* Models */ = {
			isa = PBXGroup;
			children = (
				6C61EE8DD3408FFBC99053B2 /* CalendarModels.swift */,
				EE10BC28BD73F99874A555AC /* Note.swift */,
				9482AEC43C623300660A97C8 /* SlackModels.swift */,
			);
			path = Models;
			sourceTree = "<group>";
		};
		EA34F2192137D5B75195EAC6 /* Components */ = {
			isa = PBXGroup;
			children = (
				A7BD3D89EA799D8E97B3F17E /* SBButton.swift */,
				0B008FF4BB5CA0E747C2F246 /* SBCard.swift */,
			);
			path = Components;
			sourceTree = "<group>";
		};
		FFCE813DE05299C6F832334C /* Views */ = {
			isa = PBXGroup;
			children = (
				CEE9E28089788162289A190F /* BrainMapView.swift */,
				DBDCBF0852325EC45EE02ADC /* CalendarView.swift */,
				D5D342196863002E996A7027 /* ContentView.swift */,
				9422C4C4FCD2E21859C17D55 /* DatabaseBrowserView.swift */,
				CF7A5190CBD9E8F4C1DF06DA /* HandCursorOverlay.swift */,
				DB7D097F10003525C94A8B00 /* NoteDetailView.swift */,
				D74140C2CF4145F55F886B78 /* NoteListView.swift */,
				3F737901CA8A7C63C9E7127A /* SearchBar.swift */,
				B117FB2D45C49F54240EFFDC /* SettingsView.swift */,
				99ECA63AFA277F0632CE248B /* SlackAgentView.swift */,
				F3022F0EFCCB4F9A7631BAF2 /* TerminalView.swift */,
				49E972B848AF4DC605572B68 /* Sidebar */,
			);
			path = Views;
			sourceTree = "<group>";
		};
/* End PBXGroup section */

/* Begin PBXNativeTarget section */
		05FF8F39F4269AB4766DA373 /* SBrain */ = {
			isa = PBXNativeTarget;
			buildConfigurationList = 00556AC6D1D8424E65BC0ABC /* Build configuration list for PBXNativeTarget "SBrain" */;
			buildPhases = (
				8627FE52D54C59791645F005 /* Sources */,
				72BEF2B3090C91B391871A9B /* Resources */,
				D7465CB40CBDD100D0BE6D6B /* Frameworks */,
			);
			buildRules = (
			);
			dependencies = (
			);
			name = SBrain;
			packageProductDependencies = (
				01B4E7973C454AE1A6921772 /* SwiftTerm */,
				1F7289016E3F4EC647338E91 /* Sparkle */,
			);
			productName = SBrain;
			productReference = 8E21D81A3BB7AB638BA4B919 /* SBrain.app */;
			productType = "com.apple.product-type.application";
		};
/* End PBXNativeTarget section */

/* Begin PBXProject section */
		C338262C7184E054D7DAE702 /* Project object */ = {
			isa = PBXProject;
			attributes = {
				BuildIndependentTargetsInParallel = YES;
				LastUpgradeCheck = 1600;
				TargetAttributes = {
				};
			};
			buildConfigurationList = 9BE44C1F259C014007BC42D2 /* Build configuration list for PBXProject "SBrain" */;
			developmentRegion = en;
			hasScannedForEncodings = 0;
			knownRegions = (
				Base,
				en,
			);
			mainGroup = 89B9CBF6DB70D8B8167118EF;
			minimizedProjectReferenceProxies = 1;
			packageReferences = (
				FD18A58BBD5D08BAA66A9A03 /* XCRemoteSwiftPackageReference "Sparkle" */,
				5447E0B9B6725BF322DF8D77 /* XCRemoteSwiftPackageReference "SwiftTerm" */,
			);
			preferredProjectObjectVersion = 77;
			productRefGroup = 93F7D0CA0B10B36E23B89BF3 /* Products */;
			projectDirPath = "";
			projectRoot = "";
			targets = (
				05FF8F39F4269AB4766DA373 /* SBrain */,
			);
		};
/* End PBXProject section */

/* Begin PBXResourcesBuildPhase section */
		72BEF2B3090C91B391871A9B /* Resources */ = {
			isa = PBXResourcesBuildPhase;
			buildActionMask = 2147483647;
			files = (
				489A214E713C206E5EC747EF /* Assets.xcassets in Resources */,
			);
			runOnlyForDeploymentPostprocessing = 0;
		};
/* End PBXResourcesBuildPhase section */

/* Begin PBXSourcesBuildPhase section */
		8627FE52D54C59791645F005 /* Sources */ = {
			isa = PBXSourcesBuildPhase;
			buildActionMask = 2147483647;
			files = (
				A77C7594B0966FA43A5C197C /* APIClient.swift in Sources */,
				C5A36108B530C22DF33C804B /* BackendManager.swift in Sources */,
				E23F9200A4257323F03BE9C0 /* BrainMapView.swift in Sources */,
				3D74BA6DD3D10DD373AB01C2 /* CalendarExplorerView.swift in Sources */,
				A91575DF5C46D8F8ACDF1DFE /* CalendarModels.swift in Sources */,
				79B9B35751BB0A23419CADE9 /* CalendarStore.swift in Sources */,
				335904CF61CFCBDA3D9E190D /* CalendarView.swift in Sources */,
				82F1FF5E887C7DE2EE0CD0BF /* ContentView.swift in Sources */,
				E3CC5871219127F795FBA799 /* DatabaseBrowserView.swift in Sources */,
				404E0FC3D02E72C1F9A5CD6F /* DatabaseStore.swift in Sources */,
				64D8376FE675090D55A3A427 /* DesignTokens.swift in Sources */,
				006FA931347C2A0123266694 /* ExplorerPanel.swift in Sources */,
				7B6A5A92D196C82E4CA1BC36 /* FolderScanner.swift in Sources */,
				0C1BB40C09A03F90B8BE575B /* HandCursorOverlay.swift in Sources */,
				1A834DA447A414DA0D955400 /* HandTrackingManager.swift in Sources */,
				992F529D346BA272AC23C79A /* LocalGraphBuilder.swift in Sources */,
				8BDB6EC126827AC5834CAA22 /* Note.swift in Sources */,
				AD774350C6B035DD11AE0BED /* NoteDetailView.swift in Sources */,
				858D2381E38B796A44F304D8 /* NoteListView.swift in Sources */,
				9D907150551731990650F10C /* NoteStore.swift in Sources */,
				34B7F571A5468DECB4F17070 /* SBButton.swift in Sources */,
				3E26E8E01FA80FC9E0286622 /* SBCard.swift in Sources */,
				D054FA0DC40BE7442F907EE3 /* SBrainApp.swift in Sources */,
				D35AC4B925EA79A532E28A93 /* SearchBar.swift in Sources */,
				C2BE7B1C1E3FD63B16F65FF9 /* SettingsView.swift in Sources */,
				70F356D824E2B23D93108147 /* SidebarIconBar.swift in Sources */,
				E3784E6ACFF746D679FA858D /* SlackAgentView.swift in Sources */,
				0D96956D05AA105AF58B4A32 /* SlackExplorerView.swift in Sources */,
				605606D1C5DF6CCADB64A053 /* SlackModels.swift in Sources */,
				80C783A564C93AACB0965EAC /* SlackStore.swift in Sources */,
				1CB733DDA08043559653192D /* TerminalManager.swift in Sources */,
				BCE9BA0330D23F9DC3CF71B6 /* TerminalView.swift in Sources */,
			);
			runOnlyForDeploymentPostprocessing = 0;
		};
/* End PBXSourcesBuildPhase section */

/* Begin XCBuildConfiguration section */
		5EA0D55A81FDFA0364FB0A35 /* Release */ = {
			isa = XCBuildConfiguration;
			buildSettings = {
				ASSETCATALOG_COMPILER_APPICON_NAME = AppIcon;
				CODE_SIGN_ENTITLEMENTS = SBrain/SBrain.entitlements;
				COMBINE_HIDPI_IMAGES = YES;
				CURRENT_PROJECT_VERSION = 4;
				INFOPLIST_FILE = SBrain/Info.plist;
				LD_RUNPATH_SEARCH_PATHS = (
					"$(inherited)",
					"@executable_path/../Frameworks",
				);
				MACOSX_DEPLOYMENT_TARGET = 14.0;
				MARKETING_VERSION = 0.7.0;
				PRODUCT_BUNDLE_IDENTIFIER = com.hanmari.sbrain;
				SDKROOT = macosx;
				SWIFT_VERSION = 5.9;
			};
			name = Release;
		};
		6F2F6B02CBEF6170B4ED761B /* Debug */ = {
			isa = XCBuildConfiguration;
			buildSettings = {
				ALWAYS_SEARCH_USER_PATHS = NO;
				CLANG_ANALYZER_NONNULL = YES;
				CLANG_ANALYZER_NUMBER_OBJECT_CONVERSION = YES_AGGRESSIVE;
				CLANG_CXX_LANGUAGE_STANDARD = "gnu++14";
				CLANG_CXX_LIBRARY = "libc++";
				CLANG_ENABLE_MODULES = YES;
				CLANG_ENABLE_OBJC_ARC = YES;
				CLANG_ENABLE_OBJC_WEAK = YES;
				CLANG_WARN_BLOCK_CAPTURE_AUTORELEASING = YES;
				CLANG_WARN_BOOL_CONVERSION = YES;
				CLANG_WARN_COMMA = YES;
				CLANG_WARN_CONSTANT_CONVERSION = YES;
				CLANG_WARN_DEPRECATED_OBJC_IMPLEMENTATIONS = YES;
				CLANG_WARN_DIRECT_OBJC_ISA_USAGE = YES_ERROR;
				CLANG_WARN_DOCUMENTATION_COMMENTS = YES;
				CLANG_WARN_EMPTY_BODY = YES;
				CLANG_WARN_ENUM_CONVERSION = YES;
				CLANG_WARN_INFINITE_RECURSION = YES;
				CLANG_WARN_INT_CONVERSION = YES;
				CLANG_WARN_NON_LITERAL_NULL_CONVERSION = YES;
				CLANG_WARN_OBJC_IMPLICIT_RETAIN_SELF = YES;
				CLANG_WARN_OBJC_LITERAL_CONVERSION = YES;
				CLANG_WARN_OBJC_ROOT_CLASS = YES_ERROR;
				CLANG_WARN_QUOTED_INCLUDE_IN_FRAMEWORK_HEADER = YES;
				CLANG_WARN_RANGE_LOOP_ANALYSIS = YES;
				CLANG_WARN_STRICT_PROTOTYPES = YES;
				CLANG_WARN_SUSPICIOUS_MOVE = YES;
				CLANG_WARN_UNGUARDED_AVAILABILITY = YES_AGGRESSIVE;
				CLANG_WARN_UNREACHABLE_CODE = YES;
				CLANG_WARN__DUPLICATE_METHOD_MATCH = YES;
				COPY_PHASE_STRIP = NO;
				DEBUG_INFORMATION_FORMAT = dwarf;
				ENABLE_STRICT_OBJC_MSGSEND = YES;
				ENABLE_TESTABILITY = YES;
				GCC_C_LANGUAGE_STANDARD = gnu11;
				GCC_DYNAMIC_NO_PIC = NO;
				GCC_NO_COMMON_BLOCKS = YES;
				GCC_OPTIMIZATION_LEVEL = 0;
				GCC_PREPROCESSOR_DEFINITIONS = (
					"$(inherited)",
					"DEBUG=1",
				);
				GCC_WARN_64_TO_32_BIT_CONVERSION = YES;
				GCC_WARN_ABOUT_RETURN_TYPE = YES_ERROR;
				GCC_WARN_UNDECLARED_SELECTOR = YES;
				GCC_WARN_UNINITIALIZED_AUTOS = YES_AGGRESSIVE;
				GCC_WARN_UNUSED_FUNCTION = YES;
				GCC_WARN_UNUSED_VARIABLE = YES;
				MACOSX_DEPLOYMENT_TARGET = 14.0;
				MTL_ENABLE_DEBUG_INFO = INCLUDE_SOURCE;
				MTL_FAST_MATH = YES;
				ONLY_ACTIVE_ARCH = YES;
				PRODUCT_NAME = "$(TARGET_NAME)";
				SDKROOT = macosx;
				SWIFT_ACTIVE_COMPILATION_CONDITIONS = DEBUG;
				SWIFT_OPTIMIZATION_LEVEL = "-Onone";
				SWIFT_VERSION = 5.0;
			};
			name = Debug;
		};
		745D16519DEF9B3CDCA2663F /* Release */ = {
			isa = XCBuildConfiguration;
			buildSettings = {
				ALWAYS_SEARCH_USER_PATHS = NO;
				CLANG_ANALYZER_NONNULL = YES;
				CLANG_ANALYZER_NUMBER_OBJECT_CONVERSION = YES_AGGRESSIVE;
				CLANG_CXX_LANGUAGE_STANDARD = "gnu++14";
				CLANG_CXX_LIBRARY = "libc++";
				CLANG_ENABLE_MODULES = YES;
				CLANG_ENABLE_OBJC_ARC = YES;
				CLANG_ENABLE_OBJC_WEAK = YES;
				CLANG_WARN_BLOCK_CAPTURE_AUTORELEASING = YES;
				CLANG_WARN_BOOL_CONVERSION = YES;
				CLANG_WARN_COMMA = YES;
				CLANG_WARN_CONSTANT_CONVERSION = YES;
				CLANG_WARN_DEPRECATED_OBJC_IMPLEMENTATIONS = YES;
				CLANG_WARN_DIRECT_OBJC_ISA_USAGE = YES_ERROR;
				CLANG_WARN_DOCUMENTATION_COMMENTS = YES;
				CLANG_WARN_EMPTY_BODY = YES;
				CLANG_WARN_ENUM_CONVERSION = YES;
				CLANG_WARN_INFINITE_RECURSION = YES;
				CLANG_WARN_INT_CONVERSION = YES;
				CLANG_WARN_NON_LITERAL_NULL_CONVERSION = YES;
				CLANG_WARN_OBJC_IMPLICIT_RETAIN_SELF = YES;
				CLANG_WARN_OBJC_LITERAL_CONVERSION = YES;
				CLANG_WARN_OBJC_ROOT_CLASS = YES_ERROR;
				CLANG_WARN_QUOTED_INCLUDE_IN_FRAMEWORK_HEADER = YES;
				CLANG_WARN_RANGE_LOOP_ANALYSIS = YES;
				CLANG_WARN_STRICT_PROTOTYPES = YES;
				CLANG_WARN_SUSPICIOUS_MOVE = YES;
				CLANG_WARN_UNGUARDED_AVAILABILITY = YES_AGGRESSIVE;
				CLANG_WARN_UNREACHABLE_CODE = YES;
				CLANG_WARN__DUPLICATE_METHOD_MATCH = YES;
				COPY_PHASE_STRIP = NO;
				DEBUG_INFORMATION_FORMAT = "dwarf-with-dsym";
				ENABLE_NS_ASSERTIONS = NO;
				ENABLE_STRICT_OBJC_MSGSEND = YES;
				GCC_C_LANGUAGE_STANDARD = gnu11;
				GCC_NO_COMMON_BLOCKS = YES;
				GCC_WARN_64_TO_32_BIT_CONVERSION = YES;
				GCC_WARN_ABOUT_RETURN_TYPE = YES_ERROR;
				GCC_WARN_UNDECLARED_SELECTOR = YES;
				GCC_WARN_UNINITIALIZED_AUTOS = YES_AGGRESSIVE;
				GCC_WARN_UNUSED_FUNCTION = YES;
				GCC_WARN_UNUSED_VARIABLE = YES;
				MACOSX_DEPLOYMENT_TARGET = 14.0;
				MTL_ENABLE_DEBUG_INFO = NO;
				MTL_FAST_MATH = YES;
				PRODUCT_NAME = "$(TARGET_NAME)";
				SDKROOT = macosx;
				SWIFT_COMPILATION_MODE = wholemodule;
				SWIFT_OPTIMIZATION_LEVEL = "-O";
				SWIFT_VERSION = 5.0;
			};
			name = Release;
		};
		78B1B01D312CF52ABFA00301 /* Debug */ = {
			isa = XCBuildConfiguration;
			buildSettings = {
				ASSETCATALOG_COMPILER_APPICON_NAME = AppIcon;
				CODE_SIGN_ENTITLEMENTS = SBrain/SBrain.entitlements;
				COMBINE_HIDPI_IMAGES = YES;
				CURRENT_PROJECT_VERSION = 4;
				INFOPLIST_FILE = SBrain/Info.plist;
				LD_RUNPATH_SEARCH_PATHS = (
					"$(inherited)",
					"@executable_path/../Frameworks",
				);
				MACOSX_DEPLOYMENT_TARGET = 14.0;
				MARKETING_VERSION = 0.7.0;
				PRODUCT_BUNDLE_IDENTIFIER = com.hanmari.sbrain;
				SDKROOT = macosx;
				SWIFT_VERSION = 5.9;
			};
			name = Debug;
		};
/* End XCBuildConfiguration section */

/* Begin XCConfigurationList section */
		00556AC6D1D8424E65BC0ABC /* Build configuration list for PBXNativeTarget "SBrain" */ = {
			isa = XCConfigurationList;
			buildConfigurations = (
				78B1B01D312CF52ABFA00301 /* Debug */,
				5EA0D55A81FDFA0364FB0A35 /* Release */,
			);
			defaultConfigurationIsVisible = 0;
			defaultConfigurationName = Debug;
		};
		9BE44C1F259C014007BC42D2 /* Build configuration list for PBXProject "SBrain" */ = {
			isa = XCConfigurationList;
			buildConfigurations = (
				6F2F6B02CBEF6170B4ED761B /* Debug */,
				745D16519DEF9B3CDCA2663F /* Release */,
			);
			defaultConfigurationIsVisible = 0;
			defaultConfigurationName = Debug;
		};
/* End XCConfigurationList section */

/* Begin XCRemoteSwiftPackageReference section */
		5447E0B9B6725BF322DF8D77 /* XCRemoteSwiftPackageReference "SwiftTerm" */ = {
			isa = XCRemoteSwiftPackageReference;
			repositoryURL = "https://github.com/migueldeicaza/SwiftTerm";
			requirement = {
				kind = upToNextMajorVersion;
				minimumVersion = 1.2.0;
			};
		};
		FD18A58BBD5D08BAA66A9A03 /* XCRemoteSwiftPackageReference "Sparkle" */ = {
			isa = XCRemoteSwiftPackageReference;
			repositoryURL = "https://github.com/sparkle-project/Sparkle";
			requirement = {
				kind = upToNextMajorVersion;
				minimumVersion = 2.6.0;
			};
		};
/* End XCRemoteSwiftPackageReference section */

/* Begin XCSwiftPackageProductDependency section */
		01B4E7973C454AE1A6921772 /* SwiftTerm */ = {
			isa = XCSwiftPackageProductDependency;
			package = 5447E0B9B6725BF322DF8D77 /* XCRemoteSwiftPackageReference "SwiftTerm" */;
			productName = SwiftTerm;
		};
		1F7289016E3F4EC647338E91 /* Sparkle */ = {
			isa = XCSwiftPackageProductDependency;
			package = FD18A58BBD5D08BAA66A9A03 /* XCRemoteSwiftPackageReference "Sparkle" */;
			productName = Sparkle;
		};
/* End XCSwiftPackageProductDependency section */
	};
	rootObject = C338262C7184E054D7DAE702 /* Project object */;
}
